
Microsoft Visual Studio Solution File, Format Version 12.00
# Visual Studio Version 17
VisualStudioVersion = 17.8.34330.188
MinimumVisualStudioVersion = 10.0.40219.1
Project("{9A19103F-16F7-4668-BE54-9A1E7A4F7556}") = "AntSK", "AntSK\AntSK.csproj", "{9AA5A735-8FB1-4CC5-AB3E-D02B3A3B6682}"
EndProject
Project("{9A19103F-16F7-4668-BE54-9A1E7A4F7556}") = "AntSK.Domain", "AntSK.Domain\AntSK.Domain.csproj", "{64F17C9A-97C2-46FA-9345-86C5289288AD}"
EndProject
Project("{2150E333-8FDC-42A3-9474-1A3956D46DE8}") = "Docker", "Docker", "{9F2E193A-5F9D-4C82-B591-CB133EEB59F0}"
	ProjectSection(SolutionItems) = preProject
		..\docker-compose.simple.yml = ..\docker-compose.simple.yml
		..\docker-compose.yml = ..\docker-compose.yml
		..\Dockerfile = ..\Dockerfile
		..\Dockerfile-py = ..\Dockerfile-py
	EndProjectSection
EndProject
Project("{2150E333-8FDC-42A3-9474-1A3956D46DE8}") = "MiddleWare", "MiddleWare", "{40DDB1DC-571B-4A95-9F34-47F52981C511}"
EndProject
Project("{9A19103F-16F7-4668-BE54-9A1E7A4F7556}") = "AntSK.BackgroundTask", "MiddleWare\AntSK.BackgroundTask\AntSK.BackgroundTask.csproj", "{DF87E829-99C5-44A7-9718-B3E67DC801F6}"
EndProject
Project("{9A19103F-16F7-4668-BE54-9A1E7A4F7556}") = "AntSK.LLM", "AntSk.LLM\AntSK.LLM.csproj", "{19529BFA-152F-4A8C-8254-F2D4896AB739}"
EndProject
Project("{9A19103F-16F7-4668-BE54-9A1E7A4F7556}") = "AntSK.Test", "AntSK.Test\AntSK.Test.csproj", "{6AD71410-127F-4C83-95A8-F699C39B44FF}"
EndProject
Project("{9A19103F-16F7-4668-BE54-9A1E7A4F7556}") = "AntSK.LLamaFactory", "AntSK.LLamaFactory\AntSK.LLamaFactory.csproj", "{664DFA1F-68B7-49C7-B889-FA14D1756D3D}"
EndProject
Global
	GlobalSection(SolutionConfigurationPlatforms) = preSolution
		Debug|Any CPU = Debug|Any CPU
		Release|Any CPU = Release|Any CPU
	EndGlobalSection
	GlobalSection(ProjectConfigurationPlatforms) = postSolution
		{9AA5A735-8FB1-4CC5-AB3E-D02B3A3B6682}.Debug|Any CPU.ActiveCfg = Debug|Any CPU
		{9AA5A735-8FB1-4CC5-AB3E-D02B3A3B6682}.Debug|Any CPU.Build.0 = Debug|Any CPU
		{9AA5A735-8FB1-4CC5-AB3E-D02B3A3B6682}.Release|Any CPU.ActiveCfg = Release|Any CPU
		{9AA5A735-8FB1-4CC5-AB3E-D02B3A3B6682}.Release|Any CPU.Build.0 = Release|Any CPU
		{64F17C9A-97C2-46FA-9345-86C5289288AD}.Debug|Any CPU.ActiveCfg = Debug|Any CPU
		{64F17C9A-97C2-46FA-9345-86C5289288AD}.Debug|Any CPU.Build.0 = Debug|Any CPU
		{64F17C9A-97C2-46FA-9345-86C5289288AD}.Release|Any CPU.ActiveCfg = Release|Any CPU
		{64F17C9A-97C2-46FA-9345-86C5289288AD}.Release|Any CPU.Build.0 = Release|Any CPU
		{DF87E829-99C5-44A7-9718-B3E67DC801F6}.Debug|Any CPU.ActiveCfg = Debug|Any CPU
		{DF87E829-99C5-44A7-9718-B3E67DC801F6}.Debug|Any CPU.Build.0 = Debug|Any CPU
		{DF87E829-99C5-44A7-9718-B3E67DC801F6}.Release|Any CPU.ActiveCfg = Release|Any CPU
		{DF87E829-99C5-44A7-9718-B3E67DC801F6}.Release|Any CPU.Build.0 = Release|Any CPU
		{19529BFA-152F-4A8C-8254-F2D4896AB739}.Debug|Any CPU.ActiveCfg = Debug|Any CPU
		{19529BFA-152F-4A8C-8254-F2D4896AB739}.Debug|Any CPU.Build.0 = Debug|Any CPU
		{19529BFA-152F-4A8C-8254-F2D4896AB739}.Release|Any CPU.ActiveCfg = Release|Any CPU
		{19529BFA-152F-4A8C-8254-F2D4896AB739}.Release|Any CPU.Build.0 = Release|Any CPU
		{6AD71410-127F-4C83-95A8-F699C39B44FF}.Debug|Any CPU.ActiveCfg = Debug|Any CPU
		{6AD71410-127F-4C83-95A8-F699C39B44FF}.Debug|Any CPU.Build.0 = Debug|Any CPU
		{6AD71410-127F-4C83-95A8-F699C39B44FF}.Release|Any CPU.ActiveCfg = Release|Any CPU
		{6AD71410-127F-4C83-95A8-F699C39B44FF}.Release|Any CPU.Build.0 = Release|Any CPU
		{664DFA1F-68B7-49C7-B889-FA14D1756D3D}.Debug|Any CPU.ActiveCfg = Debug|Any CPU
		{664DFA1F-68B7-49C7-B889-FA14D1756D3D}.Debug|Any CPU.Build.0 = Debug|Any CPU
		{664DFA1F-68B7-49C7-B889-FA14D1756D3D}.Release|Any CPU.ActiveCfg = Release|Any CPU
		{664DFA1F-68B7-49C7-B889-FA14D1756D3D}.Release|Any CPU.Build.0 = Release|Any CPU
	EndGlobalSection
	GlobalSection(SolutionProperties) = preSolution
		HideSolutionNode = FALSE
	EndGlobalSection
	GlobalSection(NestedProjects) = preSolution
		{DF87E829-99C5-44A7-9718-B3E67DC801F6} = {40DDB1DC-571B-4A95-9F34-47F52981C511}
	EndGlobalSection
	GlobalSection(ExtensibilityGlobals) = postSolution
		SolutionGuid = {2076B7C9-2E5B-4580-9712-03F0D56BC1AF}
	EndGlobalSection
EndGlobal
